
Microsoft Visual Studio Solution File, Format Version 12.00
# Visual Studio Version 16
VisualStudioVersion = 16.0.30413.136
MinimumVisualStudioVersion = 10.0.40219.1
Project("{FAE04EC0-301F-11D3-BF4B-00C04F79EFBC}") = "SportsStore.Domain", "SportsStore.Domain\SportsStore.Domain.csproj", "{B8A8503A-B3E3-4CCB-A04E-13C0FD2465CA}"
EndProject
Project("{FAE04EC0-301F-11D3-BF4B-00C04F79EFBC}") = "SportsStore.WebUI", "SportsStore.WebUI\SportsStore.WebUI.csproj", "{00973E5A-81D6-4300-BD00-76BF849D4502}"
EndProject
Project("{FAE04EC0-301F-11D3-BF4B-00C04F79EFBC}") = "SportsStore.UnitTests", "SportsStore.UnitTests\SportsStore.UnitTests.csproj", "{CACA7F9E-2DDD-435F-B1DF-4528DBE7B7BC}"
EndProject
Global
	GlobalSection(SolutionConfigurationPlatforms) = preSolution
		Debug|Any CPU = Debug|Any CPU
		Release|Any CPU = Release|Any CPU
	EndGlobalSection
	GlobalSection(ProjectConfigurationPlatforms) = postSolution
		{B8A8503A-B3E3-4CCB-A04E-13C0FD2465CA}.Debug|Any CPU.ActiveCfg = Debug|Any CPU
		{B8A8503A-B3E3-4CCB-A04E-13C0FD2465CA}.Debug|Any CPU.Build.0 = Debug|Any CPU
		{B8A8503A-B3E3-4CCB-A04E-13C0FD2465CA}.Release|Any CPU.ActiveCfg = Release|Any CPU
		{B8A8503A-B3E3-4CCB-A04E-13C0FD2465CA}.Release|Any CPU.Build.0 = Release|Any CPU
		{00973E5A-81D6-4300-BD00-76BF849D4502}.Debug|Any CPU.ActiveCfg = Debug|Any CPU
		{00973E5A-81D6-4300-BD00-76BF849D4502}.Debug|Any CPU.Build.0 = Debug|Any CPU
		{00973E5A-81D6-4300-BD00-76BF849D4502}.Release|Any CPU.ActiveCfg = Release|Any CPU
		{00973E5A-81D6-4300-BD00-76BF849D4502}.Release|Any CPU.Build.0 = Release|Any CPU
		{CACA7F9E-2DDD-435F-B1DF-4528DBE7B7BC}.Debug|Any CPU.ActiveCfg = Debug|Any CPU
		{CACA7F9E-2DDD-435F-B1DF-4528DBE7B7BC}.Debug|Any CPU.Build.0 = Debug|Any CPU
		{CACA7F9E-2DDD-435F-B1DF-4528DBE7B7BC}.Release|Any CPU.ActiveCfg = Release|Any CPU
		{CACA7F9E-2DDD-435F-B1DF-4528DBE7B7BC}.Release|Any CPU.Build.0 = Release|Any CPU
	EndGlobalSection
	GlobalSection(SolutionProperties) = preSolution
		HideSolutionNode = FALSE
	EndGlobalSection
	GlobalSection(ExtensibilityGlobals) = postSolution
		SolutionGuid = {0CCB9C33-0CE8-4755-BC12-D19110E35EC7}
	EndGlobalSection
EndGlobal
